{
  "originHash" : "01be0916ed6cda8be8ad991f9ab50094062ea4da8281ff4d482e287432be313e",
  "pins" : [
    {
      "identity" : "realm-core",
      "kind" : "remoteSourceControl",
      "location" : "https://github.com/realm/realm-core.git",
      "state" : {
        "revision" : "85eeca41654cc9070ad81a21a4b1d153ad467c33",
        "version" : "14.13.1"
      }
    },
    {
      "identity" : "realm-swift",
      "kind" : "remoteSourceControl",
      "location" : "https://github.com/realm/realm-swift.git",
      "state" : {
        "revision" : "5553cfd1c789efdb3d6daf7f0cc0733cfe601846",
        "version" : "10.54.1"
      }
    },
    {
      "identity" : "swift-package-manager-google-mobile-ads",
      "kind" : "remoteSourceControl",
      "location" : "https://github.com/googleads/swift-package-manager-google-mobile-ads.git",
      "state" : {
        "revision" : "82c49f703da08f6c20715fd8bb8dfe5d94a2f187",
        "version" : "11.12.0"
      }
    },
    {
      "identity" : "swift-package-manager-google-user-messaging-platform",
      "kind" : "remoteSourceControl",
      "location" : "https://github.com/googleads/swift-package-manager-google-user-messaging-platform.git",
      "state" : {
        "revision" : "74f2ec169551c3b924947b473716142a0b983e10",
        "version" : "2.6.0"
      }
    }
  ],
  "version" : 3
}
